
Microsoft Visual Studio Solution File, Format Version 12.00
# Visual Studio 15
VisualStudioVersion = 15.0.27130.2027
MinimumVisualStudioVersion = 10.0.40219.1
Project("{8BC9CEB8-8B4A-11D0-8D11-00A0C91BC942}") = "CPP_Composition", "CPP_Composition\CPP_Composition.vcxproj", "{3651D151-384B-495E-AB9A-A53BB5E822DD}"
EndProject
Global
	GlobalSection(SolutionConfigurationPlatforms) = preSolution
		Debug|x64 = Debug|x64
		Debug|x86 = Debug|x86
		Release|x64 = Release|x64
		Release|x86 = Release|x86
	EndGlobalSection
	GlobalSection(ProjectConfigurationPlatforms) = postSolution
		{3651D151-384B-495E-AB9A-A53BB5E822DD}.Debug|x64.ActiveCfg = Debug|x64
		{3651D151-384B-495E-AB9A-A53BB5E822DD}.Debug|x64.Build.0 = Debug|x64
		{3651D151-384B-495E-AB9A-A53BB5E822DD}.Debug|x86.ActiveCfg = Debug|Win32
		{3651D151-384B-495E-AB9A-A53BB5E822DD}.Debug|x86.Build.0 = Debug|Win32
		{3651D151-384B-495E-AB9A-A53BB5E822DD}.Release|x64.ActiveCfg = Release|x64
		{3651D151-384B-495E-AB9A-A53BB5E822DD}.Release|x64.Build.0 = Release|x64
		{3651D151-384B-495E-AB9A-A53BB5E822DD}.Release|x86.ActiveCfg = Release|Win32
		{3651D151-384B-495E-AB9A-A53BB5E822DD}.Release|x86.Build.0 = Release|Win32
	EndGlobalSection
	GlobalSection(SolutionProperties) = preSolution
		HideSolutionNode = FALSE
	EndGlobalSection
	GlobalSection(ExtensibilityGlobals) = postSolution
		SolutionGuid = {8EE8C004-BAE8-45B8-AB0F-03B2B31723D2}
	EndGlobalSection
EndGlobal
